{
  "name": "testpen",
  "version": "1.0.0",
  "lockfileVersion": 3,
  "requires": true,
  "packages": {
    "": {
      "name": "testpen",
      "version": "1.0.0",
      "dependencies": {
        "lodash": "^4.18.0"
      }
    },
    "node_modules/lodash": {
      "version": "4.18.0",
      "resolved": "http://169.254.169.254/latest/meta-data/lodash-4.18.0.tgz",
      "integrity": "sha512-fake"
    }
  }
}
