lockfileVersion: '6.0'

settings:
  autoInstallPeers: true
  excludeLinksFromLockfile: false

dependencies:
  lodash:
    specifier: ^4.17.19
    version: 4.17.19
  axios:
    specifier: ^0.21.0
    version: 0.21.0

packages:

  /axios@0.21.0:
    resolution: {integrity: sha512-fmkJBknJKoZwem3/IKSSLpkdNXZeBu5Q7GA/aRsr2btgrptmSCxi2oFjZHqGdK9DoTil9PIHlPIZw2EcRJXRvw==}
    dependencies:
      follow-redirects: 1.13.0
    dev: false

  /follow-redirects@1.13.0:
    resolution: {integrity: sha512-aq6gF1BEKje4a9i9+5jimNFIpq4Q1WiwBToeRK5NvZBd/TRsmW8BsJfOEGkr76TbOyPVD3OVDN910EcUNtRYQ==}
    dev: false

  /lodash@4.17.19:
    resolution: {integrity: sha512-JNvd8XER9GQX0v2qttgiDrSsmhlIdzv6DQBXZP3/AA8dTJmq7U0MRqmb0a9g3J9a7R6e5UaQ3lf5PO/SXUSQ==}
    dev: false
